
Microsoft Visual Studio Solution File, Format Version 12.00
# Visual Studio for Mac
Project("{FAE04EC0-301F-11D3-BF4B-00C04F79EFBC}") = "Assembly-CSharp", "Assembly-CSharp.csproj", "{2CD8438A-E9BC-03BD-9012-543E77E167CA}"
EndProject
Project("{FAE04EC0-301F-11D3-BF4B-00C04F79EFBC}") = "Assembly-CSharp-Editor", "Assembly-CSharp-Editor.csproj", "{D0543A39-0FA7-CFB7-0FD6-DB85289B16C4}"
EndProject
Global
	GlobalSection(SolutionConfigurationPlatforms) = preSolution
		Debug|Any CPU = Debug|Any CPU
		Release|Any CPU = Release|Any CPU
	EndGlobalSection
	GlobalSection(ProjectConfigurationPlatforms) = postSolution
		{2CD8438A-E9BC-03BD-9012-543E77E167CA}.Debug|Any CPU.ActiveCfg = Debug|Any CPU
		{2CD8438A-E9BC-03BD-9012-543E77E167CA}.Debug|Any CPU.Build.0 = Debug|Any CPU
		{2CD8438A-E9BC-03BD-9012-543E77E167CA}.Release|Any CPU.ActiveCfg = Release|Any CPU
		{2CD8438A-E9BC-03BD-9012-543E77E167CA}.Release|Any CPU.Build.0 = Release|Any CPU
		{D0543A39-0FA7-CFB7-0FD6-DB85289B16C4}.Debug|Any CPU.ActiveCfg = Debug|Any CPU
		{D0543A39-0FA7-CFB7-0FD6-DB85289B16C4}.Debug|Any CPU.Build.0 = Debug|Any CPU
		{D0543A39-0FA7-CFB7-0FD6-DB85289B16C4}.Release|Any CPU.ActiveCfg = Release|Any CPU
		{D0543A39-0FA7-CFB7-0FD6-DB85289B16C4}.Release|Any CPU.Build.0 = Release|Any CPU
	EndGlobalSection
	GlobalSection(SolutionProperties) = preSolution
		HideSolutionNode = FALSE
	EndGlobalSection
EndGlobal
